// !$*UTF8*$!
{
	archiveVersion = 1;
	classes = {
	};
	objectVersion = 55;
	objects = {

/* Begin PBXBuildFile section */
		9727BA8127C4393300073F1C /* ProjectsViewModel.swift in Sources */ = {isa = PBXBuildFile; fileRef = 9727BA8027C4393300073F1C /* ProjectsViewModel.swift */; };
		9727BA8327C53CB000073F1C /* HomeViewModel.swift in Sources */ = {isa = PBXBuildFile; fileRef = 9727BA8227C53CB000073F1C /* HomeViewModel.swift */; };
		9727BA8527C546B700073F1C /* ItemRowViewModel.swift in Sources */ = {isa = PBXBuildFile; fileRef = 9727BA8427C546B700073F1C /* ItemRowViewModel.swift */; };
		9732D59E27B2EFD3005B84F1 /* GrowthTrackTests.swift in Sources */ = {isa = PBXBuildFile; fileRef = 9732D59D27B2EFD3005B84F1 /* GrowthTrackTests.swift */; };
		9732D5A527B2F067005B84F1 /* AssetTest.swift in Sources */ = {isa = PBXBuildFile; fileRef = 9732D5A427B2F067005B84F1 /* AssetTest.swift */; };
		9732D5A727B2F34E005B84F1 /* ProjectTest.swift in Sources */ = {isa = PBXBuildFile; fileRef = 9732D5A627B2F34E005B84F1 /* ProjectTest.swift */; };
		9732D5A927B4137F005B84F1 /* AwardTests.swift in Sources */ = {isa = PBXBuildFile; fileRef = 9732D5A827B4137F005B84F1 /* AwardTests.swift */; };
		9732D5AB27B41865005B84F1 /* DevelopmentTests.swift in Sources */ = {isa = PBXBuildFile; fileRef = 9732D5AA27B41865005B84F1 /* DevelopmentTests.swift */; };
		9732D5AD27B428F3005B84F1 /* ExtensionTests.swift in Sources */ = {isa = PBXBuildFile; fileRef = 9732D5AC27B428F3005B84F1 /* ExtensionTests.swift */; };
		9732D5B027B42A05005B84F1 /* DecodableDictionary.json in Resources */ = {isa = PBXBuildFile; fileRef = 9732D5AF27B42A05005B84F1 /* DecodableDictionary.json */; };
		9732D5B227B42A45005B84F1 /* DecodableString.json in Resources */ = {isa = PBXBuildFile; fileRef = 9732D5B127B42A45005B84F1 /* DecodableString.json */; };
		9732D5B427C3FD1D005B84F1 /* PerformanceTests.swift in Sources */ = {isa = PBXBuildFile; fileRef = 9732D5B327C3FD1D005B84F1 /* PerformanceTests.swift */; };
		9732D5BC27C4018E005B84F1 /* GrowthTrackUITests.swift in Sources */ = {isa = PBXBuildFile; fileRef = 9732D5BB27C4018E005B84F1 /* GrowthTrackUITests.swift */; };
		9732D5BE27C4018E005B84F1 /* GrowthTrackUITestsLaunchTests.swift in Sources */ = {isa = PBXBuildFile; fileRef = 9732D5BD27C4018E005B84F1 /* GrowthTrackUITestsLaunchTests.swift */; };
		975536902799D6C6000F9E59 /* Localizable.stringsdict in Resources */ = {isa = PBXBuildFile; fileRef = 9755368F2799D6C6000F9E59 /* Localizable.stringsdict */; };
		97553692279B0A1F000F9E59 /* ItemListView.swift in Sources */ = {isa = PBXBuildFile; fileRef = 97553691279B0A1F000F9E59 /* ItemListView.swift */; };
		97553694279B0B10000F9E59 /* ProjectSummaryView.swift in Sources */ = {isa = PBXBuildFile; fileRef = 97553693279B0B10000F9E59 /* ProjectSummaryView.swift */; };
		97634F6D275E625B00F9D382 /* GrowthTrackApp.swift in Sources */ = {isa = PBXBuildFile; fileRef = 97634F6C275E625B00F9D382 /* GrowthTrackApp.swift */; };
		97634F6F275E625B00F9D382 /* ContentView.swift in Sources */ = {isa = PBXBuildFile; fileRef = 97634F6E275E625B00F9D382 /* ContentView.swift */; };
		97634F71275E625B00F9D382 /* Assets.xcassets in Resources */ = {isa = PBXBuildFile; fileRef = 97634F70275E625B00F9D382 /* Assets.xcassets */; };
		97634F74275E625B00F9D382 /* Preview Assets.xcassets in Resources */ = {isa = PBXBuildFile; fileRef = 97634F73275E625B00F9D382 /* Preview Assets.xcassets */; };
		97634F7C275E65F800F9D382 /* Main.xcdatamodeld in Sources */ = {isa = PBXBuildFile; fileRef = 97634F7A275E65F800F9D382 /* Main.xcdatamodeld */; };
		97634F7E275E67F600F9D382 /* DataController.swift in Sources */ = {isa = PBXBuildFile; fileRef = 97634F7D275E67F600F9D382 /* DataController.swift */; };
		9777A02C2784BA2F003B1739 /* Color-Additions.swift in Sources */ = {isa = PBXBuildFile; fileRef = 9777A02B2784BA2F003B1739 /* Color-Additions.swift */; };
		978845B52784D06500A6C357 /* Localizable.strings in Resources */ = {isa = PBXBuildFile; fileRef = 978845B42784D06500A6C357 /* Localizable.strings */; };
		97BED150275FAB9200035929 /* CloudKit.framework in Frameworks */ = {isa = PBXBuildFile; fileRef = 97BED14F275FAB9200035929 /* CloudKit.framework */; };
		97BED152275FB1FD00035929 /* HomeView.swift in Sources */ = {isa = PBXBuildFile; fileRef = 97BED151275FB1FD00035929 /* HomeView.swift */; };
		97BED154275FB43700035929 /* ProjectsView.swift in Sources */ = {isa = PBXBuildFile; fileRef = 97BED153275FB43700035929 /* ProjectsView.swift */; };
		97BED156275FD87100035929 /* Item-CoreDataHelpers.swift in Sources */ = {isa = PBXBuildFile; fileRef = 97BED155275FD87100035929 /* Item-CoreDataHelpers.swift */; };
		97BED158275FDACD00035929 /* Project-CoreDateHelpers.swift in Sources */ = {isa = PBXBuildFile; fileRef = 97BED157275FDACD00035929 /* Project-CoreDateHelpers.swift */; };
		97BED15A27600D5F00035929 /* EditItemView.swift in Sources */ = {isa = PBXBuildFile; fileRef = 97BED15927600D5F00035929 /* EditItemView.swift */; };
		97BED15C2760138A00035929 /* ItemRowView.swift in Sources */ = {isa = PBXBuildFile; fileRef = 97BED15B2760138A00035929 /* ItemRowView.swift */; };
		97BED15E2760FFDD00035929 /* Binding-OnChange.swift in Sources */ = {isa = PBXBuildFile; fileRef = 97BED15D2760FFDD00035929 /* Binding-OnChange.swift */; };
		97BED1602761072C00035929 /* ProjectHeaderView.swift in Sources */ = {isa = PBXBuildFile; fileRef = 97BED15F2761072C00035929 /* ProjectHeaderView.swift */; };
		97BED16227610B1500035929 /* Colors.xcassets in Resources */ = {isa = PBXBuildFile; fileRef = 97BED16127610B1500035929 /* Colors.xcassets */; };
		97BED16427610C6000035929 /* EditProjectView.swift in Sources */ = {isa = PBXBuildFile; fileRef = 97BED16327610C6000035929 /* EditProjectView.swift */; };
		97BED166276138FD00035929 /* SelectSomethingView.swift in Sources */ = {isa = PBXBuildFile; fileRef = 97BED165276138FD00035929 /* SelectSomethingView.swift */; };
		97BED16827613B0000035929 /* Bundle-Decodable.swift in Sources */ = {isa = PBXBuildFile; fileRef = 97BED16727613B0000035929 /* Bundle-Decodable.swift */; };
		97BED16A27613B1C00035929 /* Awards.json in Resources */ = {isa = PBXBuildFile; fileRef = 97BED16927613B1C00035929 /* Awards.json */; };
		97BED16C276163EB00035929 /* Award.swift in Sources */ = {isa = PBXBuildFile; fileRef = 97BED16B276163EB00035929 /* Award.swift */; };
		97BED16E276164E700035929 /* AwardsView.swift in Sources */ = {isa = PBXBuildFile; fileRef = 97BED16D276164E700035929 /* AwardsView.swift */; };
/* End PBXBuildFile section */

/* Begin PBXContainerItemProxy section */
		9732D59F27B2EFD3005B84F1 /* PBXContainerItemProxy */ = {
			isa = PBXContainerItemProxy;
			containerPortal = 97634F61275E625B00F9D382 /* Project object */;
			proxyType = 1;
			remoteGlobalIDString = 97634F68275E625B00F9D382;
			remoteInfo = GrowthTrack;
		};
		9732D5BF27C4018E005B84F1 /* PBXContainerItemProxy */ = {
			isa = PBXContainerItemProxy;
			containerPortal = 97634F61275E625B00F9D382 /* Project object */;
			proxyType = 1;
			remoteGlobalIDString = 97634F68275E625B00F9D382;
			remoteInfo = GrowthTrack;
		};
/* End PBXContainerItemProxy section */

/* Begin PBXFileReference section */
		9727BA8027C4393300073F1C /* ProjectsViewModel.swift */ = {isa = PBXFileReference; lastKnownFileType = sourcecode.swift; path = ProjectsViewModel.swift; sourceTree = "<group>"; };
		9727BA8227C53CB000073F1C /* HomeViewModel.swift */ = {isa = PBXFileReference; lastKnownFileType = sourcecode.swift; path = HomeViewModel.swift; sourceTree = "<group>"; };
		9727BA8427C546B700073F1C /* ItemRowViewModel.swift */ = {isa = PBXFileReference; lastKnownFileType = sourcecode.swift; path = ItemRowViewModel.swift; sourceTree = "<group>"; };
		9732D59B27B2EFD3005B84F1 /* GrowthTrackTests.xctest */ = {isa = PBXFileReference; explicitFileType = wrapper.cfbundle; includeInIndex = 0; path = GrowthTrackTests.xctest; sourceTree = BUILT_PRODUCTS_DIR; };
		9732D59D27B2EFD3005B84F1 /* GrowthTrackTests.swift */ = {isa = PBXFileReference; lastKnownFileType = sourcecode.swift; path = GrowthTrackTests.swift; sourceTree = "<group>"; };
		9732D5A427B2F067005B84F1 /* AssetTest.swift */ = {isa = PBXFileReference; lastKnownFileType = sourcecode.swift; path = AssetTest.swift; sourceTree = "<group>"; };
		9732D5A627B2F34E005B84F1 /* ProjectTest.swift */ = {isa = PBXFileReference; lastKnownFileType = sourcecode.swift; path = ProjectTest.swift; sourceTree = "<group>"; };
		9732D5A827B4137F005B84F1 /* AwardTests.swift */ = {isa = PBXFileReference; lastKnownFileType = sourcecode.swift; path = AwardTests.swift; sourceTree = "<group>"; };
		9732D5AA27B41865005B84F1 /* DevelopmentTests.swift */ = {isa = PBXFileReference; lastKnownFileType = sourcecode.swift; path = DevelopmentTests.swift; sourceTree = "<group>"; };
		9732D5AC27B428F3005B84F1 /* ExtensionTests.swift */ = {isa = PBXFileReference; lastKnownFileType = sourcecode.swift; path = ExtensionTests.swift; sourceTree = "<group>"; };
		9732D5AF27B42A05005B84F1 /* DecodableDictionary.json */ = {isa = PBXFileReference; lastKnownFileType = text.json; path = DecodableDictionary.json; sourceTree = "<group>"; };
		9732D5B127B42A45005B84F1 /* DecodableString.json */ = {isa = PBXFileReference; lastKnownFileType = text.json; path = DecodableString.json; sourceTree = "<group>"; };
		9732D5B327C3FD1D005B84F1 /* PerformanceTests.swift */ = {isa = PBXFileReference; lastKnownFileType = sourcecode.swift; path = PerformanceTests.swift; sourceTree = "<group>"; };
		9732D5B927C4018E005B84F1 /* GrowthTrackUITests.xctest */ = {isa = PBXFileReference; explicitFileType = wrapper.cfbundle; includeInIndex = 0; path = GrowthTrackUITests.xctest; sourceTree = BUILT_PRODUCTS_DIR; };
		9732D5BB27C4018E005B84F1 /* GrowthTrackUITests.swift */ = {isa = PBXFileReference; lastKnownFileType = sourcecode.swift; path = GrowthTrackUITests.swift; sourceTree = "<group>"; };
		9732D5BD27C4018E005B84F1 /* GrowthTrackUITestsLaunchTests.swift */ = {isa = PBXFileReference; lastKnownFileType = sourcecode.swift; path = GrowthTrackUITestsLaunchTests.swift; sourceTree = "<group>"; };
		9755368F2799D6C6000F9E59 /* Localizable.stringsdict */ = {isa = PBXFileReference; fileEncoding = 4; lastKnownFileType = text.plist.stringsdict; path = Localizable.stringsdict; sourceTree = "<group>"; };
		97553691279B0A1F000F9E59 /* ItemListView.swift */ = {isa = PBXFileReference; lastKnownFileType = sourcecode.swift; path = ItemListView.swift; sourceTree = "<group>"; };
		97553693279B0B10000F9E59 /* ProjectSummaryView.swift */ = {isa = PBXFileReference; lastKnownFileType = sourcecode.swift; path = ProjectSummaryView.swift; sourceTree = "<group>"; };
		97634F69275E625B00F9D382 /* GrowthTrack.app */ = {isa = PBXFileReference; explicitFileType = wrapper.application; includeInIndex = 0; path = GrowthTrack.app; sourceTree = BUILT_PRODUCTS_DIR; };
		97634F6C275E625B00F9D382 /* GrowthTrackApp.swift */ = {isa = PBXFileReference; lastKnownFileType = sourcecode.swift; path = GrowthTrackApp.swift; sourceTree = "<group>"; };
		97634F6E275E625B00F9D382 /* ContentView.swift */ = {isa = PBXFileReference; lastKnownFileType = sourcecode.swift; path = ContentView.swift; sourceTree = "<group>"; };
		97634F70275E625B00F9D382 /* Assets.xcassets */ = {isa = PBXFileReference; lastKnownFileType = folder.assetcatalog; path = Assets.xcassets; sourceTree = "<group>"; };
		97634F73275E625B00F9D382 /* Preview Assets.xcassets */ = {isa = PBXFileReference; lastKnownFileType = folder.assetcatalog; path = "Preview Assets.xcassets"; sourceTree = "<group>"; };
		97634F7B275E65F800F9D382 /* Main.xcdatamodel */ = {isa = PBXFileReference; lastKnownFileType = wrapper.xcdatamodel; path = Main.xcdatamodel; sourceTree = "<group>"; };
		97634F7D275E67F600F9D382 /* DataController.swift */ = {isa = PBXFileReference; lastKnownFileType = sourcecode.swift; path = DataController.swift; sourceTree = "<group>"; };
		9777A02B2784BA2F003B1739 /* Color-Additions.swift */ = {isa = PBXFileReference; lastKnownFileType = sourcecode.swift; path = "Color-Additions.swift"; sourceTree = "<group>"; };
		978845B42784D06500A6C357 /* Localizable.strings */ = {isa = PBXFileReference; lastKnownFileType = text.plist.strings; path = Localizable.strings; sourceTree = "<group>"; };
		97BED14C275FAB5F00035929 /* GrowthTrack.entitlements */ = {isa = PBXFileReference; lastKnownFileType = text.plist.entitlements; path = GrowthTrack.entitlements; sourceTree = "<group>"; };
		97BED14D275FAB7300035929 /* Info.plist */ = {isa = PBXFileReference; lastKnownFileType = text.plist.xml; path = Info.plist; sourceTree = "<group>"; };
		97BED14F275FAB9200035929 /* CloudKit.framework */ = {isa = PBXFileReference; lastKnownFileType = wrapper.framework; name = CloudKit.framework; path = System/Library/Frameworks/CloudKit.framework; sourceTree = SDKROOT; };
		97BED151275FB1FD00035929 /* HomeView.swift */ = {isa = PBXFileReference; lastKnownFileType = sourcecode.swift; path = HomeView.swift; sourceTree = "<group>"; };
		97BED153275FB43700035929 /* ProjectsView.swift */ = {isa = PBXFileReference; lastKnownFileType = sourcecode.swift; path = ProjectsView.swift; sourceTree = "<group>"; };
		97BED155275FD87100035929 /* Item-CoreDataHelpers.swift */ = {isa = PBXFileReference; lastKnownFileType = sourcecode.swift; path = "Item-CoreDataHelpers.swift"; sourceTree = "<group>"; };
		97BED157275FDACD00035929 /* Project-CoreDateHelpers.swift */ = {isa = PBXFileReference; lastKnownFileType = sourcecode.swift; path = "Project-CoreDateHelpers.swift"; sourceTree = "<group>"; };
		97BED15927600D5F00035929 /* EditItemView.swift */ = {isa = PBXFileReference; lastKnownFileType = sourcecode.swift; path = EditItemView.swift; sourceTree = "<group>"; };
		97BED15B2760138A00035929 /* ItemRowView.swift */ = {isa = PBXFileReference; lastKnownFileType = sourcecode.swift; path = ItemRowView.swift; sourceTree = "<group>"; };
		97BED15D2760FFDD00035929 /* Binding-OnChange.swift */ = {isa = PBXFileReference; lastKnownFileType = sourcecode.swift; path = "Binding-OnChange.swift"; sourceTree = "<group>"; };
		97BED15F2761072C00035929 /* ProjectHeaderView.swift */ = {isa = PBXFileReference; lastKnownFileType = sourcecode.swift; path = ProjectHeaderView.swift; sourceTree = "<group>"; };
		97BED16127610B1500035929 /* Colors.xcassets */ = {isa = PBXFileReference; lastKnownFileType = folder.assetcatalog; path = Colors.xcassets; sourceTree = "<group>"; };
		97BED16327610C6000035929 /* EditProjectView.swift */ = {isa = PBXFileReference; lastKnownFileType = sourcecode.swift; path = EditProjectView.swift; sourceTree = "<group>"; };
		97BED165276138FD00035929 /* SelectSomethingView.swift */ = {isa = PBXFileReference; lastKnownFileType = sourcecode.swift; path = SelectSomethingView.swift; sourceTree = "<group>"; };
		97BED16727613B0000035929 /* Bundle-Decodable.swift */ = {isa = PBXFileReference; lastKnownFileType = sourcecode.swift; path = "Bundle-Decodable.swift"; sourceTree = "<group>"; };
		97BED16927613B1C00035929 /* Awards.json */ = {isa = PBXFileReference; fileEncoding = 4; lastKnownFileType = text.json; path = Awards.json; sourceTree = "<group>"; };
		97BED16B276163EB00035929 /* Award.swift */ = {isa = PBXFileReference; lastKnownFileType = sourcecode.swift; path = Award.swift; sourceTree = "<group>"; };
		97BED16D276164E700035929 /* AwardsView.swift */ = {isa = PBXFileReference; lastKnownFileType = sourcecode.swift; path = AwardsView.swift; sourceTree = "<group>"; };
/* End PBXFileReference section */

/* Begin PBXFrameworksBuildPhase section */
		9732D59827B2EFD3005B84F1 /* Frameworks */ = {
			isa = PBXFrameworksBuildPhase;
			buildActionMask = 2147483647;
			files = (
			);
			runOnlyForDeploymentPostprocessing = 0;
		};
		9732D5B627C4018E005B84F1 /* Frameworks */ = {
			isa = PBXFrameworksBuildPhase;
			buildActionMask = 2147483647;
			files = (
			);
			runOnlyForDeploymentPostprocessing = 0;
		};
		97634F66275E625B00F9D382 /* Frameworks */ = {
			isa = PBXFrameworksBuildPhase;
			buildActionMask = 2147483647;
			files = (
				97BED150275FAB9200035929 /* CloudKit.framework in Frameworks */,
			);
			runOnlyForDeploymentPostprocessing = 0;
		};
/* End PBXFrameworksBuildPhase section */

/* Begin PBXGroup section */
		9732D57A27B2CBF5005B84F1 /* Extensions */ = {
			isa = PBXGroup;
			children = (
				97BED16727613B0000035929 /* Bundle-Decodable.swift */,
				97BED15D2760FFDD00035929 /* Binding-OnChange.swift */,
				9777A02B2784BA2F003B1739 /* Color-Additions.swift */,
				9732D58327B2CF17005B84F1 /* CoreDataHelpers */,
			);
			path = Extensions;
			sourceTree = "<group>";
		};
		9732D57B27B2CC00005B84F1 /* Configuration */ = {
			isa = PBXGroup;
			children = (
				97634F6E275E625B00F9D382 /* ContentView.swift */,
				97634F7D275E67F600F9D382 /* DataController.swift */,
				97634F7A275E65F800F9D382 /* Main.xcdatamodeld */,
				97BED14D275FAB7300035929 /* Info.plist */,
			);
			path = Configuration;
			sourceTree = "<group>";
		};
		9732D57C27B2CC0F005B84F1 /* Localization */ = {
			isa = PBXGroup;
			children = (
				9755368F2799D6C6000F9E59 /* Localizable.stringsdict */,
				978845B42784D06500A6C357 /* Localizable.strings */,
			);
			path = Localization;
			sourceTree = "<group>";
		};
		9732D57D27B2CC9A005B84F1 /* Activities */ = {
			isa = PBXGroup;
			children = (
				9732D57E27B2CCAF005B84F1 /* Home */,
				9732D57F27B2CCB6005B84F1 /* Projects */,
				9732D58027B2CCBF005B84F1 /* Awards */,
			);
			path = Activities;
			sourceTree = "<group>";
		};
		9732D57E27B2CCAF005B84F1 /* Home */ = {
			isa = PBXGroup;
			children = (
				97BED151275FB1FD00035929 /* HomeView.swift */,
				9727BA8227C53CB000073F1C /* HomeViewModel.swift */,
				97553691279B0A1F000F9E59 /* ItemListView.swift */,
				97553693279B0B10000F9E59 /* ProjectSummaryView.swift */,
			);
			path = Home;
			sourceTree = "<group>";
		};
		9732D57F27B2CCB6005B84F1 /* Projects */ = {
			isa = PBXGroup;
			children = (
				97BED153275FB43700035929 /* ProjectsView.swift */,
				97BED165276138FD00035929 /* SelectSomethingView.swift */,
				97BED15F2761072C00035929 /* ProjectHeaderView.swift */,
				97BED15B2760138A00035929 /* ItemRowView.swift */,
				9727BA8427C546B700073F1C /* ItemRowViewModel.swift */,
				97BED16327610C6000035929 /* EditProjectView.swift */,
				97BED15927600D5F00035929 /* EditItemView.swift */,
				9727BA8027C4393300073F1C /* ProjectsViewModel.swift */,
			);
			path = Projects;
			sourceTree = "<group>";
		};
		9732D58027B2CCBF005B84F1 /* Awards */ = {
			isa = PBXGroup;
			children = (
				97BED16D276164E700035929 /* AwardsView.swift */,
				97BED16B276163EB00035929 /* Award.swift */,
				97BED16927613B1C00035929 /* Awards.json */,
			);
			path = Awards;
			sourceTree = "<group>";
		};
		9732D58127B2CD5A005B84F1 /* Assets */ = {
			isa = PBXGroup;
			children = (
				97634F70275E625B00F9D382 /* Assets.xcassets */,
				97BED16127610B1500035929 /* Colors.xcassets */,
			);
			path = Assets;
			sourceTree = "<group>";
		};
		9732D58327B2CF17005B84F1 /* CoreDataHelpers */ = {
			isa = PBXGroup;
			children = (
				97BED155275FD87100035929 /* Item-CoreDataHelpers.swift */,
				97BED157275FDACD00035929 /* Project-CoreDateHelpers.swift */,
			);
			path = CoreDataHelpers;
			sourceTree = "<group>";
		};
		9732D59C27B2EFD3005B84F1 /* GrowthTrackTests */ = {
			isa = PBXGroup;
			children = (
				9732D5AE27B429D4005B84F1 /* TestFixtures */,
				9732D59D27B2EFD3005B84F1 /* GrowthTrackTests.swift */,
				9732D5A427B2F067005B84F1 /* AssetTest.swift */,
				9732D5A627B2F34E005B84F1 /* ProjectTest.swift */,
				9732D5A827B4137F005B84F1 /* AwardTests.swift */,
				9732D5AA27B41865005B84F1 /* DevelopmentTests.swift */,
				9732D5AC27B428F3005B84F1 /* ExtensionTests.swift */,
			);
			path = GrowthTrackTests;
			sourceTree = "<group>";
		};
		9732D5AE27B429D4005B84F1 /* TestFixtures */ = {
			isa = PBXGroup;
			children = (
				9732D5AF27B42A05005B84F1 /* DecodableDictionary.json */,
				9732D5B127B42A45005B84F1 /* DecodableString.json */,
				9732D5B327C3FD1D005B84F1 /* PerformanceTests.swift */,
			);
			path = TestFixtures;
			sourceTree = "<group>";
		};
		9732D5BA27C4018E005B84F1 /* GrowthTrackUITests */ = {
			isa = PBXGroup;
			children = (
				9732D5BB27C4018E005B84F1 /* GrowthTrackUITests.swift */,
				9732D5BD27C4018E005B84F1 /* GrowthTrackUITestsLaunchTests.swift */,
			);
			path = GrowthTrackUITests;
			sourceTree = "<group>";
		};
		97634F60275E625B00F9D382 = {
			isa = PBXGroup;
			children = (
				97634F6B275E625B00F9D382 /* GrowthTrack */,
				9732D59C27B2EFD3005B84F1 /* GrowthTrackTests */,
				9732D5BA27C4018E005B84F1 /* GrowthTrackUITests */,
				97634F6A275E625B00F9D382 /* Products */,
				97BED14E275FAB9200035929 /* Frameworks */,
			);
			sourceTree = "<group>";
		};
		97634F6A275E625B00F9D382 /* Products */ = {
			isa = PBXGroup;
			children = (
				97634F69275E625B00F9D382 /* GrowthTrack.app */,
				9732D59B27B2EFD3005B84F1 /* GrowthTrackTests.xctest */,
				9732D5B927C4018E005B84F1 /* GrowthTrackUITests.xctest */,
			);
			name = Products;
			sourceTree = "<group>";
		};
		97634F6B275E625B00F9D382 /* GrowthTrack */ = {
			isa = PBXGroup;
			children = (
				97634F6C275E625B00F9D382 /* GrowthTrackApp.swift */,
				9732D57D27B2CC9A005B84F1 /* Activities */,
				9732D57A27B2CBF5005B84F1 /* Extensions */,
				97BED14C275FAB5F00035929 /* GrowthTrack.entitlements */,
				9732D57C27B2CC0F005B84F1 /* Localization */,
				9732D57B27B2CC00005B84F1 /* Configuration */,
				97634F72275E625B00F9D382 /* Preview Content */,
				9732D58127B2CD5A005B84F1 /* Assets */,
			);
			path = GrowthTrack;
			sourceTree = "<group>";
		};
		97634F72275E625B00F9D382 /* Preview Content */ = {
			isa = PBXGroup;
			children = (
				97634F73275E625B00F9D382 /* Preview Assets.xcassets */,
			);
			path = "Preview Content";
			sourceTree = "<group>";
		};
		97BED14E275FAB9200035929 /* Frameworks */ = {
			isa = PBXGroup;
			children = (
				97BED14F275FAB9200035929 /* CloudKit.framework */,
			);
			name = Frameworks;
			sourceTree = "<group>";
		};
/* End PBXGroup section */

/* Begin PBXNativeTarget section */
		9732D59A27B2EFD3005B84F1 /* GrowthTrackTests */ = {
			isa = PBXNativeTarget;
			buildConfigurationList = 9732D5A127B2EFD3005B84F1 /* Build configuration list for PBXNativeTarget "GrowthTrackTests" */;
			buildPhases = (
				9732D59727B2EFD3005B84F1 /* Sources */,
				9732D59827B2EFD3005B84F1 /* Frameworks */,
				9732D59927B2EFD3005B84F1 /* Resources */,
			);
			buildRules = (
			);
			dependencies = (
				9732D5A027B2EFD3005B84F1 /* PBXTargetDependency */,
			);
			name = GrowthTrackTests;
			productName = GrowthTrackTests;
			productReference = 9732D59B27B2EFD3005B84F1 /* GrowthTrackTests.xctest */;
			productType = "com.apple.product-type.bundle.unit-test";
		};
		9732D5B827C4018E005B84F1 /* GrowthTrackUITests */ = {
			isa = PBXNativeTarget;
			buildConfigurationList = 9732D5C127C4018E005B84F1 /* Build configuration list for PBXNativeTarget "GrowthTrackUITests" */;
			buildPhases = (
				9732D5B527C4018E005B84F1 /* Sources */,
				9732D5B627C4018E005B84F1 /* Frameworks */,
				9732D5B727C4018E005B84F1 /* Resources */,
			);
			buildRules = (
			);
			dependencies = (
				9732D5C027C4018E005B84F1 /* PBXTargetDependency */,
			);
			name = GrowthTrackUITests;
			productName = GrowthTrackUITests;
			productReference = 9732D5B927C4018E005B84F1 /* GrowthTrackUITests.xctest */;
			productType = "com.apple.product-type.bundle.ui-testing";
		};
		97634F68275E625B00F9D382 /* GrowthTrack */ = {
			isa = PBXNativeTarget;
			buildConfigurationList = 97634F77275E625B00F9D382 /* Build configuration list for PBXNativeTarget "GrowthTrack" */;
			buildPhases = (
				9732D57927B2B9B0005B84F1 /* SwiftLint */,
				97634F65275E625B00F9D382 /* Sources */,
				97634F66275E625B00F9D382 /* Frameworks */,
				97634F67275E625B00F9D382 /* Resources */,
			);
			buildRules = (
			);
			dependencies = (
			);
			name = GrowthTrack;
			productName = GrowthTrack;
			productReference = 97634F69275E625B00F9D382 /* GrowthTrack.app */;
			productType = "com.apple.product-type.application";
		};
/* End PBXNativeTarget section */

/* Begin PBXProject section */
		97634F61275E625B00F9D382 /* Project object */ = {
			isa = PBXProject;
			attributes = {
				BuildIndependentTargetsInParallel = 1;
				LastSwiftUpdateCheck = 1320;
				LastUpgradeCheck = 1310;
				TargetAttributes = {
					9732D59A27B2EFD3005B84F1 = {
						CreatedOnToolsVersion = 13.2.1;
						TestTargetID = 97634F68275E625B00F9D382;
					};
					9732D5B827C4018E005B84F1 = {
						CreatedOnToolsVersion = 13.2.1;
						TestTargetID = 97634F68275E625B00F9D382;
					};
					97634F68275E625B00F9D382 = {
						CreatedOnToolsVersion = 13.1;
					};
				};
			};
			buildConfigurationList = 97634F64275E625B00F9D382 /* Build configuration list for PBXProject "GrowthTrack" */;
			compatibilityVersion = "Xcode 13.0";
			developmentRegion = en;
			hasScannedForEncodings = 0;
			knownRegions = (
				en,
				Base,
			);
			mainGroup = 97634F60275E625B00F9D382;
			productRefGroup = 97634F6A275E625B00F9D382 /* Products */;
			projectDirPath = "";
			projectRoot = "";
			targets = (
				97634F68275E625B00F9D382 /* GrowthTrack */,
				9732D59A27B2EFD3005B84F1 /* GrowthTrackTests */,
				9732D5B827C4018E005B84F1 /* GrowthTrackUITests */,
			);
		};
/* End PBXProject section */

/* Begin PBXResourcesBuildPhase section */
		9732D59927B2EFD3005B84F1 /* Resources */ = {
			isa = PBXResourcesBuildPhase;
			buildActionMask = 2147483647;
			files = (
				9732D5B227B42A45005B84F1 /* DecodableString.json in Resources */,
				9732D5B027B42A05005B84F1 /* DecodableDictionary.json in Resources */,
			);
			runOnlyForDeploymentPostprocessing = 0;
		};
		9732D5B727C4018E005B84F1 /* Resources */ = {
			isa = PBXResourcesBuildPhase;
			buildActionMask = 2147483647;
			files = (
			);
			runOnlyForDeploymentPostprocessing = 0;
		};
		97634F67275E625B00F9D382 /* Resources */ = {
			isa = PBXResourcesBuildPhase;
			buildActionMask = 2147483647;
			files = (
				978845B52784D06500A6C357 /* Localizable.strings in Resources */,
				97BED16227610B1500035929 /* Colors.xcassets in Resources */,
				97BED16A27613B1C00035929 /* Awards.json in Resources */,
				97634F74275E625B00F9D382 /* Preview Assets.xcassets in Resources */,
				97634F71275E625B00F9D382 /* Assets.xcassets in Resources */,
				975536902799D6C6000F9E59 /* Localizable.stringsdict in Resources */,
			);
			runOnlyForDeploymentPostprocessing = 0;
		};
/* End PBXResourcesBuildPhase section */

/* Begin PBXShellScriptBuildPhase section */
		9732D57927B2B9B0005B84F1 /* SwiftLint */ = {
			isa = PBXShellScriptBuildPhase;
			buildActionMask = 2147483647;
			files = (
			);
			inputFileListPaths = (
			);
			inputPaths = (
			);
			name = SwiftLint;
			outputFileListPaths = (
			);
			outputPaths = (
			);
			runOnlyForDeploymentPostprocessing = 0;
			shellPath = /bin/sh;
			shellScript = "export PATH=\"$PATH:/opt/homebrew/bin\"\n\nif which swiftlint >/dev/null; then\n  swiftlint\nelse\n  echo \"warning: SwiftLint not installed, download from https://github.com/realm/SwiftLint\"\nfi\n";
		};
/* End PBXShellScriptBuildPhase section */

/* Begin PBXSourcesBuildPhase section */
		9732D59727B2EFD3005B84F1 /* Sources */ = {
			isa = PBXSourcesBuildPhase;
			buildActionMask = 2147483647;
			files = (
				9732D5B427C3FD1D005B84F1 /* PerformanceTests.swift in Sources */,
				9732D5A527B2F067005B84F1 /* AssetTest.swift in Sources */,
				9732D5A927B4137F005B84F1 /* AwardTests.swift in Sources */,
				9732D5A727B2F34E005B84F1 /* ProjectTest.swift in Sources */,
				9732D5AD27B428F3005B84F1 /* ExtensionTests.swift in Sources */,
				9732D59E27B2EFD3005B84F1 /* GrowthTrackTests.swift in Sources */,
				9732D5AB27B41865005B84F1 /* DevelopmentTests.swift in Sources */,
			);
			runOnlyForDeploymentPostprocessing = 0;
		};
		9732D5B527C4018E005B84F1 /* Sources */ = {
			isa = PBXSourcesBuildPhase;
			buildActionMask = 2147483647;
			files = (
				9732D5BC27C4018E005B84F1 /* GrowthTrackUITests.swift in Sources */,
				9732D5BE27C4018E005B84F1 /* GrowthTrackUITestsLaunchTests.swift in Sources */,
			);
			runOnlyForDeploymentPostprocessing = 0;
		};
		97634F65275E625B00F9D382 /* Sources */ = {
			isa = PBXSourcesBuildPhase;
			buildActionMask = 2147483647;
			files = (
				97BED154275FB43700035929 /* ProjectsView.swift in Sources */,
				9727BA8327C53CB000073F1C /* HomeViewModel.swift in Sources */,
				9777A02C2784BA2F003B1739 /* Color-Additions.swift in Sources */,
				97BED1602761072C00035929 /* ProjectHeaderView.swift in Sources */,
				97BED16827613B0000035929 /* Bundle-Decodable.swift in Sources */,
				97634F7C275E65F800F9D382 /* Main.xcdatamodeld in Sources */,
				97553692279B0A1F000F9E59 /* ItemListView.swift in Sources */,
				97BED166276138FD00035929 /* SelectSomethingView.swift in Sources */,
				97BED16C276163EB00035929 /* Award.swift in Sources */,
				97BED16E276164E700035929 /* AwardsView.swift in Sources */,
				97634F7E275E67F600F9D382 /* DataController.swift in Sources */,
				97BED16427610C6000035929 /* EditProjectView.swift in Sources */,
				9727BA8527C546B700073F1C /* ItemRowViewModel.swift in Sources */,
				97553694279B0B10000F9E59 /* ProjectSummaryView.swift in Sources */,
				97634F6F275E625B00F9D382 /* ContentView.swift in Sources */,
				97BED15C2760138A00035929 /* ItemRowView.swift in Sources */,
				97BED152275FB1FD00035929 /* HomeView.swift in Sources */,
				97BED15E2760FFDD00035929 /* Binding-OnChange.swift in Sources */,
				9727BA8127C4393300073F1C /* ProjectsViewModel.swift in Sources */,
				97634F6D275E625B00F9D382 /* GrowthTrackApp.swift in Sources */,
				97BED158275FDACD00035929 /* Project-CoreDateHelpers.swift in Sources */,
				97BED156275FD87100035929 /* Item-CoreDataHelpers.swift in Sources */,
				97BED15A27600D5F00035929 /* EditItemView.swift in Sources */,
			);
			runOnlyForDeploymentPostprocessing = 0;
		};
/* End PBXSourcesBuildPhase section */

/* Begin PBXTargetDependency section */
		9732D5A027B2EFD3005B84F1 /* PBXTargetDependency */ = {
			isa = PBXTargetDependency;
			target = 97634F68275E625B00F9D382 /* GrowthTrack */;
			targetProxy = 9732D59F27B2EFD3005B84F1 /* PBXContainerItemProxy */;
		};
		9732D5C027C4018E005B84F1 /* PBXTargetDependency */ = {
			isa = PBXTargetDependency;
			target = 97634F68275E625B00F9D382 /* GrowthTrack */;
			targetProxy = 9732D5BF27C4018E005B84F1 /* PBXContainerItemProxy */;
		};
/* End PBXTargetDependency section */

/* Begin XCBuildConfiguration section */
		9732D5A227B2EFD3005B84F1 /* Debug */ = {
			isa = XCBuildConfiguration;
			buildSettings = {
				BUNDLE_LOADER = "$(TEST_HOST)";
				CODE_SIGN_STYLE = Automatic;
				CURRENT_PROJECT_VERSION = 1;
				DEVELOPMENT_TEAM = 2P3NHST8R6;
				GENERATE_INFOPLIST_FILE = YES;
				IPHONEOS_DEPLOYMENT_TARGET = 15.2;
				MARKETING_VERSION = 1.0;
				PRODUCT_BUNDLE_IDENTIFIER = com.haydendavidson.GrowthTrackTests;
				PRODUCT_NAME = "$(TARGET_NAME)";
				SWIFT_EMIT_LOC_STRINGS = NO;
				SWIFT_VERSION = 5.0;
				TARGETED_DEVICE_FAMILY = "1,2";
				TEST_HOST = "$(BUILT_PRODUCTS_DIR)/GrowthTrack.app/GrowthTrack";
			};
			name = Debug;
		};
		9732D5A327B2EFD3005B84F1 /* Release */ = {
			isa = XCBuildConfiguration;
			buildSettings = {
				BUNDLE_LOADER = "$(TEST_HOST)";
				CODE_SIGN_STYLE = Automatic;
				CURRENT_PROJECT_VERSION = 1;
				DEVELOPMENT_TEAM = 2P3NHST8R6;
				GENERATE_INFOPLIST_FILE = YES;
				IPHONEOS_DEPLOYMENT_TARGET = 15.2;
				MARKETING_VERSION = 1.0;
				PRODUCT_BUNDLE_IDENTIFIER = com.haydendavidson.GrowthTrackTests;
				PRODUCT_NAME = "$(TARGET_NAME)";
				SWIFT_EMIT_LOC_STRINGS = NO;
				SWIFT_VERSION = 5.0;
				TARGETED_DEVICE_FAMILY = "1,2";
				TEST_HOST = "$(BUILT_PRODUCTS_DIR)/GrowthTrack.app/GrowthTrack";
			};
			name = Release;
		};
		9732D5C227C4018E005B84F1 /* Debug */ = {
			isa = XCBuildConfiguration;
			buildSettings = {
				CODE_SIGN_STYLE = Automatic;
				CURRENT_PROJECT_VERSION = 1;
				DEVELOPMENT_TEAM = 2P3NHST8R6;
				GENERATE_INFOPLIST_FILE = YES;
				IPHONEOS_DEPLOYMENT_TARGET = 15.2;
				MARKETING_VERSION = 1.0;
				PRODUCT_BUNDLE_IDENTIFIER = com.haydendavidson.GrowthTrackUITests;
				PRODUCT_NAME = "$(TARGET_NAME)";
				SWIFT_EMIT_LOC_STRINGS = NO;
				SWIFT_VERSION = 5.0;
				TARGETED_DEVICE_FAMILY = "1,2";
				TEST_TARGET_NAME = GrowthTrack;
			};
			name = Debug;
		};
		9732D5C327C4018E005B84F1 /* Release */ = {
			isa = XCBuildConfiguration;
			buildSettings = {
				CODE_SIGN_STYLE = Automatic;
				CURRENT_PROJECT_VERSION = 1;
				DEVELOPMENT_TEAM = 2P3NHST8R6;
				GENERATE_INFOPLIST_FILE = YES;
				IPHONEOS_DEPLOYMENT_TARGET = 15.2;
				MARKETING_VERSION = 1.0;
				PRODUCT_BUNDLE_IDENTIFIER = com.haydendavidson.GrowthTrackUITests;
				PRODUCT_NAME = "$(TARGET_NAME)";
				SWIFT_EMIT_LOC_STRINGS = NO;
				SWIFT_VERSION = 5.0;
				TARGETED_DEVICE_FAMILY = "1,2";
				TEST_TARGET_NAME = GrowthTrack;
			};
			name = Release;
		};
		97634F75275E625B00F9D382 /* Debug */ = {
			isa = XCBuildConfiguration;
			buildSettings = {
				ALWAYS_SEARCH_USER_PATHS = NO;
				CLANG_ANALYZER_NONNULL = YES;
				CLANG_ANALYZER_NUMBER_OBJECT_CONVERSION = YES_AGGRESSIVE;
				CLANG_CXX_LANGUAGE_STANDARD = "gnu++17";
				CLANG_CXX_LIBRARY = "libc++";
				CLANG_ENABLE_MODULES = YES;
				CLANG_ENABLE_OBJC_ARC = YES;
				CLANG_ENABLE_OBJC_WEAK = YES;
				CLANG_WARN_BLOCK_CAPTURE_AUTORELEASING = YES;
				CLANG_WARN_BOOL_CONVERSION = YES;
				CLANG_WARN_COMMA = YES;
				CLANG_WARN_CONSTANT_CONVERSION = YES;
				CLANG_WARN_DEPRECATED_OBJC_IMPLEMENTATIONS = YES;
				CLANG_WARN_DIRECT_OBJC_ISA_USAGE = YES_ERROR;
				CLANG_WARN_DOCUMENTATION_COMMENTS = YES;
				CLANG_WARN_EMPTY_BODY = YES;
				CLANG_WARN_ENUM_CONVERSION = YES;
				CLANG_WARN_INFINITE_RECURSION = YES;
				CLANG_WARN_INT_CONVERSION = YES;
				CLANG_WARN_NON_LITERAL_NULL_CONVERSION = YES;
				CLANG_WARN_OBJC_IMPLICIT_RETAIN_SELF = YES;
				CLANG_WARN_OBJC_LITERAL_CONVERSION = YES;
				CLANG_WARN_OBJC_ROOT_CLASS = YES_ERROR;
				CLANG_WARN_QUOTED_INCLUDE_IN_FRAMEWORK_HEADER = YES;
				CLANG_WARN_RANGE_LOOP_ANALYSIS = YES;
				CLANG_WARN_STRICT_PROTOTYPES = YES;
				CLANG_WARN_SUSPICIOUS_MOVE = YES;
				CLANG_WARN_UNGUARDED_AVAILABILITY = YES_AGGRESSIVE;
				CLANG_WARN_UNREACHABLE_CODE = YES;
				CLANG_WARN__DUPLICATE_METHOD_MATCH = YES;
				COPY_PHASE_STRIP = NO;
				DEBUG_INFORMATION_FORMAT = dwarf;
				DEVELOPMENT_TEAM = 2P3NHST8R6;
				ENABLE_STRICT_OBJC_MSGSEND = YES;
				ENABLE_TESTABILITY = YES;
				GCC_C_LANGUAGE_STANDARD = gnu11;
				GCC_DYNAMIC_NO_PIC = NO;
				GCC_NO_COMMON_BLOCKS = YES;
				GCC_OPTIMIZATION_LEVEL = 0;
				GCC_PREPROCESSOR_DEFINITIONS = (
					"DEBUG=1",
					"$(inherited)",
				);
				GCC_WARN_64_TO_32_BIT_CONVERSION = YES;
				GCC_WARN_ABOUT_RETURN_TYPE = YES_ERROR;
				GCC_WARN_UNDECLARED_SELECTOR = YES;
				GCC_WARN_UNINITIALIZED_AUTOS = YES_AGGRESSIVE;
				GCC_WARN_UNUSED_FUNCTION = YES;
				GCC_WARN_UNUSED_VARIABLE = YES;
				IPHONEOS_DEPLOYMENT_TARGET = 15.0;
				MTL_ENABLE_DEBUG_INFO = INCLUDE_SOURCE;
				MTL_FAST_MATH = YES;
				ONLY_ACTIVE_ARCH = YES;
				SDKROOT = iphoneos;
				SWIFT_ACTIVE_COMPILATION_CONDITIONS = DEBUG;
				SWIFT_OPTIMIZATION_LEVEL = "-Onone";
			};
			name = Debug;
		};
		97634F76275E625B00F9D382 /* Release */ = {
			isa = XCBuildConfiguration;
			buildSettings = {
				ALWAYS_SEARCH_USER_PATHS = NO;
				CLANG_ANALYZER_NONNULL = YES;
				CLANG_ANALYZER_NUMBER_OBJECT_CONVERSION = YES_AGGRESSIVE;
				CLANG_CXX_LANGUAGE_STANDARD = "gnu++17";
				CLANG_CXX_LIBRARY = "libc++";
				CLANG_ENABLE_MODULES = YES;
				CLANG_ENABLE_OBJC_ARC = YES;
				CLANG_ENABLE_OBJC_WEAK = YES;
				CLANG_WARN_BLOCK_CAPTURE_AUTORELEASING = YES;
				CLANG_WARN_BOOL_CONVERSION = YES;
				CLANG_WARN_COMMA = YES;
				CLANG_WARN_CONSTANT_CONVERSION = YES;
				CLANG_WARN_DEPRECATED_OBJC_IMPLEMENTATIONS = YES;
				CLANG_WARN_DIRECT_OBJC_ISA_USAGE = YES_ERROR;
				CLANG_WARN_DOCUMENTATION_COMMENTS = YES;
				CLANG_WARN_EMPTY_BODY = YES;
				CLANG_WARN_ENUM_CONVERSION = YES;
				CLANG_WARN_INFINITE_RECURSION = YES;
				CLANG_WARN_INT_CONVERSION = YES;
				CLANG_WARN_NON_LITERAL_NULL_CONVERSION = YES;
				CLANG_WARN_OBJC_IMPLICIT_RETAIN_SELF = YES;
				CLANG_WARN_OBJC_LITERAL_CONVERSION = YES;
				CLANG_WARN_OBJC_ROOT_CLASS = YES_ERROR;
				CLANG_WARN_QUOTED_INCLUDE_IN_FRAMEWORK_HEADER = YES;
				CLANG_WARN_RANGE_LOOP_ANALYSIS = YES;
				CLANG_WARN_STRICT_PROTOTYPES = YES;
				CLANG_WARN_SUSPICIOUS_MOVE = YES;
				CLANG_WARN_UNGUARDED_AVAILABILITY = YES_AGGRESSIVE;
				CLANG_WARN_UNREACHABLE_CODE = YES;
				CLANG_WARN__DUPLICATE_METHOD_MATCH = YES;
				COPY_PHASE_STRIP = NO;
				DEBUG_INFORMATION_FORMAT = "dwarf-with-dsym";
				DEVELOPMENT_TEAM = 2P3NHST8R6;
				ENABLE_NS_ASSERTIONS = NO;
				ENABLE_STRICT_OBJC_MSGSEND = YES;
				GCC_C_LANGUAGE_STANDARD = gnu11;
				GCC_NO_COMMON_BLOCKS = YES;
				GCC_WARN_64_TO_32_BIT_CONVERSION = YES;
				GCC_WARN_ABOUT_RETURN_TYPE = YES_ERROR;
				GCC_WARN_UNDECLARED_SELECTOR = YES;
				GCC_WARN_UNINITIALIZED_AUTOS = YES_AGGRESSIVE;
				GCC_WARN_UNUSED_FUNCTION = YES;
				GCC_WARN_UNUSED_VARIABLE = YES;
				IPHONEOS_DEPLOYMENT_TARGET = 15.0;
				MTL_ENABLE_DEBUG_INFO = NO;
				MTL_FAST_MATH = YES;
				SDKROOT = iphoneos;
				SWIFT_COMPILATION_MODE = wholemodule;
				SWIFT_OPTIMIZATION_LEVEL = "-O";
				VALIDATE_PRODUCT = YES;
			};
			name = Release;
		};
		97634F78275E625B00F9D382 /* Debug */ = {
			isa = XCBuildConfiguration;
			buildSettings = {
				ASSETCATALOG_COMPILER_APPICON_NAME = AppIcon;
				ASSETCATALOG_COMPILER_GLOBAL_ACCENT_COLOR_NAME = AccentColor;
				CODE_SIGN_ENTITLEMENTS = GrowthTrack/GrowthTrack.entitlements;
				CODE_SIGN_STYLE = Automatic;
				CURRENT_PROJECT_VERSION = 1;
				DEVELOPMENT_ASSET_PATHS = "\"GrowthTrack/Preview Content\"";
				DEVELOPMENT_TEAM = 2P3NHST8R6;
				ENABLE_PREVIEWS = YES;
				GENERATE_INFOPLIST_FILE = YES;
				INFOPLIST_FILE = GrowthTrack/Configuration/Info.plist;
				INFOPLIST_KEY_UIApplicationSceneManifest_Generation = YES;
				INFOPLIST_KEY_UIApplicationSupportsIndirectInputEvents = YES;
				INFOPLIST_KEY_UILaunchScreen_Generation = YES;
				INFOPLIST_KEY_UISupportedInterfaceOrientations_iPad = "UIInterfaceOrientationPortrait UIInterfaceOrientationPortraitUpsideDown UIInterfaceOrientationLandscapeLeft UIInterfaceOrientationLandscapeRight";
				INFOPLIST_KEY_UISupportedInterfaceOrientations_iPhone = "UIInterfaceOrientationPortrait UIInterfaceOrientationLandscapeLeft UIInterfaceOrientationLandscapeRight";
				LD_RUNPATH_SEARCH_PATHS = (
					"$(inherited)",
					"@executable_path/Frameworks",
				);
				MARKETING_VERSION = 1.0;
				PRODUCT_BUNDLE_IDENTIFIER = com.haydendavidson.GrowthTrack;
				PRODUCT_NAME = "$(TARGET_NAME)";
				SWIFT_EMIT_LOC_STRINGS = YES;
				SWIFT_VERSION = 5.0;
				TARGETED_DEVICE_FAMILY = "1,2";
			};
			name = Debug;
		};
		97634F79275E625B00F9D382 /* Release */ = {
			isa = XCBuildConfiguration;
			buildSettings = {
				ASSETCATALOG_COMPILER_APPICON_NAME = AppIcon;
				ASSETCATALOG_COMPILER_GLOBAL_ACCENT_COLOR_NAME = AccentColor;
				CODE_SIGN_ENTITLEMENTS = GrowthTrack/GrowthTrack.entitlements;
				CODE_SIGN_STYLE = Automatic;
				CURRENT_PROJECT_VERSION = 1;
				DEVELOPMENT_ASSET_PATHS = "\"GrowthTrack/Preview Content\"";
				DEVELOPMENT_TEAM = 2P3NHST8R6;
				ENABLE_PREVIEWS = YES;
				GENERATE_INFOPLIST_FILE = YES;
				INFOPLIST_FILE = GrowthTrack/Configuration/Info.plist;
				INFOPLIST_KEY_UIApplicationSceneManifest_Generation = YES;
				INFOPLIST_KEY_UIApplicationSupportsIndirectInputEvents = YES;
				INFOPLIST_KEY_UILaunchScreen_Generation = YES;
				INFOPLIST_KEY_UISupportedInterfaceOrientations_iPad = "UIInterfaceOrientationPortrait UIInterfaceOrientationPortraitUpsideDown UIInterfaceOrientationLandscapeLeft UIInterfaceOrientationLandscapeRight";
				INFOPLIST_KEY_UISupportedInterfaceOrientations_iPhone = "UIInterfaceOrientationPortrait UIInterfaceOrientationLandscapeLeft UIInterfaceOrientationLandscapeRight";
				LD_RUNPATH_SEARCH_PATHS = (
					"$(inherited)",
					"@executable_path/Frameworks",
				);
				MARKETING_VERSION = 1.0;
				PRODUCT_BUNDLE_IDENTIFIER = com.haydendavidson.GrowthTrack;
				PRODUCT_NAME = "$(TARGET_NAME)";
				SWIFT_EMIT_LOC_STRINGS = YES;
				SWIFT_VERSION = 5.0;
				TARGETED_DEVICE_FAMILY = "1,2";
			};
			name = Release;
		};
/* End XCBuildConfiguration section */

/* Begin XCConfigurationList section */
		9732D5A127B2EFD3005B84F1 /* Build configuration list for PBXNativeTarget "GrowthTrackTests" */ = {
			isa = XCConfigurationList;
			buildConfigurations = (
				9732D5A227B2EFD3005B84F1 /* Debug */,
				9732D5A327B2EFD3005B84F1 /* Release */,
			);
			defaultConfigurationIsVisible = 0;
			defaultConfigurationName = Release;
		};
		9732D5C127C4018E005B84F1 /* Build configuration list for PBXNativeTarget "GrowthTrackUITests" */ = {
			isa = XCConfigurationList;
			buildConfigurations = (
				9732D5C227C4018E005B84F1 /* Debug */,
				9732D5C327C4018E005B84F1 /* Release */,
			);
			defaultConfigurationIsVisible = 0;
			defaultConfigurationName = Release;
		};
		97634F64275E625B00F9D382 /* Build configuration list for PBXProject "GrowthTrack" */ = {
			isa = XCConfigurationList;
			buildConfigurations = (
				97634F75275E625B00F9D382 /* Debug */,
				97634F76275E625B00F9D382 /* Release */,
			);
			defaultConfigurationIsVisible = 0;
			defaultConfigurationName = Release;
		};
		97634F77275E625B00F9D382 /* Build configuration list for PBXNativeTarget "GrowthTrack" */ = {
			isa = XCConfigurationList;
			buildConfigurations = (
				97634F78275E625B00F9D382 /* Debug */,
				97634F79275E625B00F9D382 /* Release */,
			);
			defaultConfigurationIsVisible = 0;
			defaultConfigurationName = Release;
		};
/* End XCConfigurationList section */

/* Begin XCVersionGroup section */
		97634F7A275E65F800F9D382 /* Main.xcdatamodeld */ = {
			isa = XCVersionGroup;
			children = (
				97634F7B275E65F800F9D382 /* Main.xcdatamodel */,
			);
			currentVersion = 97634F7B275E65F800F9D382 /* Main.xcdatamodel */;
			path = Main.xcdatamodeld;
			sourceTree = "<group>";
			versionGroupType = wrapper.xcdatamodel;
		};
/* End XCVersionGroup section */
	};
	rootObject = 97634F61275E625B00F9D382 /* Project object */;
}
