// !$*UTF8*$!
{
	archiveVersion = 1;
	classes = {
	};
	objectVersion = 55;
	objects = {

/* Begin PBXBuildFile section */
		975536902799D6C6000F9E59 /* Localizable.stringsdict in Resources */ = {isa = PBXBuildFile; fileRef = 9755368F2799D6C6000F9E59 /* Localizable.stringsdict */; };
		97553692279B0A1F000F9E59 /* ItemListView.swift in Sources */ = {isa = PBXBuildFile; fileRef = 97553691279B0A1F000F9E59 /* ItemListView.swift */; };
		97553694279B0B10000F9E59 /* ProjectSummaryView.swift in Sources */ = {isa = PBXBuildFile; fileRef = 97553693279B0B10000F9E59 /* ProjectSummaryView.swift */; };
		97634F6D275E625B00F9D382 /* GrowthTrackApp.swift in Sources */ = {isa = PBXBuildFile; fileRef = 97634F6C275E625B00F9D382 /* GrowthTrackApp.swift */; };
		97634F6F275E625B00F9D382 /* ContentView.swift in Sources */ = {isa = PBXBuildFile; fileRef = 97634F6E275E625B00F9D382 /* ContentView.swift */; };
		97634F71275E625B00F9D382 /* Assets.xcassets in Resources */ = {isa = PBXBuildFile; fileRef = 97634F70275E625B00F9D382 /* Assets.xcassets */; };
		97634F74275E625B00F9D382 /* Preview Assets.xcassets in Resources */ = {isa = PBXBuildFile; fileRef = 97634F73275E625B00F9D382 /* Preview Assets.xcassets */; };
		97634F7C275E65F800F9D382 /* Main.xcdatamodeld in Sources */ = {isa = PBXBuildFile; fileRef = 97634F7A275E65F800F9D382 /* Main.xcdatamodeld */; };
		97634F7E275E67F600F9D382 /* DataController.swift in Sources */ = {isa = PBXBuildFile; fileRef = 97634F7D275E67F600F9D382 /* DataController.swift */; };
		9777A02C2784BA2F003B1739 /* Color-Additions.swift in Sources */ = {isa = PBXBuildFile; fileRef = 9777A02B2784BA2F003B1739 /* Color-Additions.swift */; };
		978845B52784D06500A6C357 /* Localizable.strings in Resources */ = {isa = PBXBuildFile; fileRef = 978845B42784D06500A6C357 /* Localizable.strings */; };
		97BED150275FAB9200035929 /* CloudKit.framework in Frameworks */ = {isa = PBXBuildFile; fileRef = 97BED14F275FAB9200035929 /* CloudKit.framework */; };
		97BED152275FB1FD00035929 /* HomeView.swift in Sources */ = {isa = PBXBuildFile; fileRef = 97BED151275FB1FD00035929 /* HomeView.swift */; };
		97BED154275FB43700035929 /* ProjectsView.swift in Sources */ = {isa = PBXBuildFile; fileRef = 97BED153275FB43700035929 /* ProjectsView.swift */; };
		97BED156275FD87100035929 /* Item-CoreDataHelpers.swift in Sources */ = {isa = PBXBuildFile; fileRef = 97BED155275FD87100035929 /* Item-CoreDataHelpers.swift */; };
		97BED158275FDACD00035929 /* Project-CoreDateHelpers.swift in Sources */ = {isa = PBXBuildFile; fileRef = 97BED157275FDACD00035929 /* Project-CoreDateHelpers.swift */; };
		97BED15A27600D5F00035929 /* EditItemView.swift in Sources */ = {isa = PBXBuildFile; fileRef = 97BED15927600D5F00035929 /* EditItemView.swift */; };
		97BED15C2760138A00035929 /* ItemRowView.swift in Sources */ = {isa = PBXBuildFile; fileRef = 97BED15B2760138A00035929 /* ItemRowView.swift */; };
		97BED15E2760FFDD00035929 /* Binding-OnChange.swift in Sources */ = {isa = PBXBuildFile; fileRef = 97BED15D2760FFDD00035929 /* Binding-OnChange.swift */; };
		97BED1602761072C00035929 /* ProjectHeaderView.swift in Sources */ = {isa = PBXBuildFile; fileRef = 97BED15F2761072C00035929 /* ProjectHeaderView.swift */; };
		97BED16227610B1500035929 /* Colors.xcassets in Resources */ = {isa = PBXBuildFile; fileRef = 97BED16127610B1500035929 /* Colors.xcassets */; };
		97BED16427610C6000035929 /* EditProjectView.swift in Sources */ = {isa = PBXBuildFile; fileRef = 97BED16327610C6000035929 /* EditProjectView.swift */; };
		97BED166276138FD00035929 /* SelectSomethingView.swift in Sources */ = {isa = PBXBuildFile; fileRef = 97BED165276138FD00035929 /* SelectSomethingView.swift */; };
		97BED16827613B0000035929 /* Bundle-Decodable.swift in Sources */ = {isa = PBXBuildFile; fileRef = 97BED16727613B0000035929 /* Bundle-Decodable.swift */; };
		97BED16A27613B1C00035929 /* Awards.json in Resources */ = {isa = PBXBuildFile; fileRef = 97BED16927613B1C00035929 /* Awards.json */; };
		97BED16C276163EB00035929 /* Award.swift in Sources */ = {isa = PBXBuildFile; fileRef = 97BED16B276163EB00035929 /* Award.swift */; };
		97BED16E276164E700035929 /* AwardsView.swift in Sources */ = {isa = PBXBuildFile; fileRef = 97BED16D276164E700035929 /* AwardsView.swift */; };
/* End PBXBuildFile section */

/* Begin PBXFileReference section */
		9755368F2799D6C6000F9E59 /* Localizable.stringsdict */ = {isa = PBXFileReference; fileEncoding = 4; lastKnownFileType = text.plist.stringsdict; path = Localizable.stringsdict; sourceTree = "<group>"; };
		97553691279B0A1F000F9E59 /* ItemListView.swift */ = {isa = PBXFileReference; lastKnownFileType = sourcecode.swift; path = ItemListView.swift; sourceTree = "<group>"; };
		97553693279B0B10000F9E59 /* ProjectSummaryView.swift */ = {isa = PBXFileReference; lastKnownFileType = sourcecode.swift; path = ProjectSummaryView.swift; sourceTree = "<group>"; };
		97634F69275E625B00F9D382 /* GrowthTrack.app */ = {isa = PBXFileReference; explicitFileType = wrapper.application; includeInIndex = 0; path = GrowthTrack.app; sourceTree = BUILT_PRODUCTS_DIR; };
		97634F6C275E625B00F9D382 /* GrowthTrackApp.swift */ = {isa = PBXFileReference; lastKnownFileType = sourcecode.swift; path = GrowthTrackApp.swift; sourceTree = "<group>"; };
		97634F6E275E625B00F9D382 /* ContentView.swift */ = {isa = PBXFileReference; lastKnownFileType = sourcecode.swift; path = ContentView.swift; sourceTree = "<group>"; };
		97634F70275E625B00F9D382 /* Assets.xcassets */ = {isa = PBXFileReference; lastKnownFileType = folder.assetcatalog; path = Assets.xcassets; sourceTree = "<group>"; };
		97634F73275E625B00F9D382 /* Preview Assets.xcassets */ = {isa = PBXFileReference; lastKnownFileType = folder.assetcatalog; path = "Preview Assets.xcassets"; sourceTree = "<group>"; };
		97634F7B275E65F800F9D382 /* Main.xcdatamodel */ = {isa = PBXFileReference; lastKnownFileType = wrapper.xcdatamodel; path = Main.xcdatamodel; sourceTree = "<group>"; };
		97634F7D275E67F600F9D382 /* DataController.swift */ = {isa = PBXFileReference; lastKnownFileType = sourcecode.swift; path = DataController.swift; sourceTree = "<group>"; };
		9777A02B2784BA2F003B1739 /* Color-Additions.swift */ = {isa = PBXFileReference; lastKnownFileType = sourcecode.swift; path = "Color-Additions.swift"; sourceTree = "<group>"; };
		978845B42784D06500A6C357 /* Localizable.strings */ = {isa = PBXFileReference; lastKnownFileType = text.plist.strings; path = Localizable.strings; sourceTree = "<group>"; };
		97BED14C275FAB5F00035929 /* GrowthTrack.entitlements */ = {isa = PBXFileReference; lastKnownFileType = text.plist.entitlements; path = GrowthTrack.entitlements; sourceTree = "<group>"; };
		97BED14D275FAB7300035929 /* Info.plist */ = {isa = PBXFileReference; lastKnownFileType = text.plist; path = Info.plist; sourceTree = "<group>"; };
		97BED14F275FAB9200035929 /* CloudKit.framework */ = {isa = PBXFileReference; lastKnownFileType = wrapper.framework; name = CloudKit.framework; path = System/Library/Frameworks/CloudKit.framework; sourceTree = SDKROOT; };
		97BED151275FB1FD00035929 /* HomeView.swift */ = {isa = PBXFileReference; lastKnownFileType = sourcecode.swift; path = HomeView.swift; sourceTree = "<group>"; };
		97BED153275FB43700035929 /* ProjectsView.swift */ = {isa = PBXFileReference; lastKnownFileType = sourcecode.swift; path = ProjectsView.swift; sourceTree = "<group>"; };
		97BED155275FD87100035929 /* Item-CoreDataHelpers.swift */ = {isa = PBXFileReference; lastKnownFileType = sourcecode.swift; path = "Item-CoreDataHelpers.swift"; sourceTree = "<group>"; };
		97BED157275FDACD00035929 /* Project-CoreDateHelpers.swift */ = {isa = PBXFileReference; lastKnownFileType = sourcecode.swift; path = "Project-CoreDateHelpers.swift"; sourceTree = "<group>"; };
		97BED15927600D5F00035929 /* EditItemView.swift */ = {isa = PBXFileReference; lastKnownFileType = sourcecode.swift; path = EditItemView.swift; sourceTree = "<group>"; };
		97BED15B2760138A00035929 /* ItemRowView.swift */ = {isa = PBXFileReference; lastKnownFileType = sourcecode.swift; path = ItemRowView.swift; sourceTree = "<group>"; };
		97BED15D2760FFDD00035929 /* Binding-OnChange.swift */ = {isa = PBXFileReference; lastKnownFileType = sourcecode.swift; path = "Binding-OnChange.swift"; sourceTree = "<group>"; };
		97BED15F2761072C00035929 /* ProjectHeaderView.swift */ = {isa = PBXFileReference; lastKnownFileType = sourcecode.swift; path = ProjectHeaderView.swift; sourceTree = "<group>"; };
		97BED16127610B1500035929 /* Colors.xcassets */ = {isa = PBXFileReference; lastKnownFileType = folder.assetcatalog; path = Colors.xcassets; sourceTree = "<group>"; };
		97BED16327610C6000035929 /* EditProjectView.swift */ = {isa = PBXFileReference; lastKnownFileType = sourcecode.swift; path = EditProjectView.swift; sourceTree = "<group>"; };
		97BED165276138FD00035929 /* SelectSomethingView.swift */ = {isa = PBXFileReference; lastKnownFileType = sourcecode.swift; path = SelectSomethingView.swift; sourceTree = "<group>"; };
		97BED16727613B0000035929 /* Bundle-Decodable.swift */ = {isa = PBXFileReference; lastKnownFileType = sourcecode.swift; path = "Bundle-Decodable.swift"; sourceTree = "<group>"; };
		97BED16927613B1C00035929 /* Awards.json */ = {isa = PBXFileReference; fileEncoding = 4; lastKnownFileType = text.json; path = Awards.json; sourceTree = "<group>"; };
		97BED16B276163EB00035929 /* Award.swift */ = {isa = PBXFileReference; lastKnownFileType = sourcecode.swift; path = Award.swift; sourceTree = "<group>"; };
		97BED16D276164E700035929 /* AwardsView.swift */ = {isa = PBXFileReference; lastKnownFileType = sourcecode.swift; path = AwardsView.swift; sourceTree = "<group>"; };
/* End PBXFileReference section */

/* Begin PBXFrameworksBuildPhase section */
		97634F66275E625B00F9D382 /* Frameworks */ = {
			isa = PBXFrameworksBuildPhase;
			buildActionMask = 2147483647;
			files = (
				97BED150275FAB9200035929 /* CloudKit.framework in Frameworks */,
			);
			runOnlyForDeploymentPostprocessing = 0;
		};
/* End PBXFrameworksBuildPhase section */

/* Begin PBXGroup section */
		97634F60275E625B00F9D382 = {
			isa = PBXGroup;
			children = (
				97634F6B275E625B00F9D382 /* GrowthTrack */,
				97634F6A275E625B00F9D382 /* Products */,
				97BED14E275FAB9200035929 /* Frameworks */,
			);
			sourceTree = "<group>";
		};
		97634F6A275E625B00F9D382 /* Products */ = {
			isa = PBXGroup;
			children = (
				97634F69275E625B00F9D382 /* GrowthTrack.app */,
			);
			name = Products;
			sourceTree = "<group>";
		};
		97634F6B275E625B00F9D382 /* GrowthTrack */ = {
			isa = PBXGroup;
			children = (
				97BED14D275FAB7300035929 /* Info.plist */,
				97BED14C275FAB5F00035929 /* GrowthTrack.entitlements */,
				97634F6C275E625B00F9D382 /* GrowthTrackApp.swift */,
				97BED151275FB1FD00035929 /* HomeView.swift */,
				97553693279B0B10000F9E59 /* ProjectSummaryView.swift */,
				97553691279B0A1F000F9E59 /* ItemListView.swift */,
				978845B42784D06500A6C357 /* Localizable.strings */,
				9755368F2799D6C6000F9E59 /* Localizable.stringsdict */,
				9777A02B2784BA2F003B1739 /* Color-Additions.swift */,
				97BED153275FB43700035929 /* ProjectsView.swift */,
				97BED16727613B0000035929 /* Bundle-Decodable.swift */,
				97BED165276138FD00035929 /* SelectSomethingView.swift */,
				97BED15D2760FFDD00035929 /* Binding-OnChange.swift */,
				97BED15B2760138A00035929 /* ItemRowView.swift */,
				97634F6E275E625B00F9D382 /* ContentView.swift */,
				97BED15927600D5F00035929 /* EditItemView.swift */,
				97BED15F2761072C00035929 /* ProjectHeaderView.swift */,
				97BED16327610C6000035929 /* EditProjectView.swift */,
				97BED155275FD87100035929 /* Item-CoreDataHelpers.swift */,
				97BED157275FDACD00035929 /* Project-CoreDateHelpers.swift */,
				97634F7D275E67F600F9D382 /* DataController.swift */,
				97BED16927613B1C00035929 /* Awards.json */,
				97BED16B276163EB00035929 /* Award.swift */,
				97BED16D276164E700035929 /* AwardsView.swift */,
				97634F70275E625B00F9D382 /* Assets.xcassets */,
				97BED16127610B1500035929 /* Colors.xcassets */,
				97634F7A275E65F800F9D382 /* Main.xcdatamodeld */,
				97634F72275E625B00F9D382 /* Preview Content */,
			);
			path = GrowthTrack;
			sourceTree = "<group>";
		};
		97634F72275E625B00F9D382 /* Preview Content */ = {
			isa = PBXGroup;
			children = (
				97634F73275E625B00F9D382 /* Preview Assets.xcassets */,
			);
			path = "Preview Content";
			sourceTree = "<group>";
		};
		97BED14E275FAB9200035929 /* Frameworks */ = {
			isa = PBXGroup;
			children = (
				97BED14F275FAB9200035929 /* CloudKit.framework */,
			);
			name = Frameworks;
			sourceTree = "<group>";
		};
/* End PBXGroup section */

/* Begin PBXNativeTarget section */
		97634F68275E625B00F9D382 /* GrowthTrack */ = {
			isa = PBXNativeTarget;
			buildConfigurationList = 97634F77275E625B00F9D382 /* Build configuration list for PBXNativeTarget "GrowthTrack" */;
			buildPhases = (
				97634F65275E625B00F9D382 /* Sources */,
				97634F66275E625B00F9D382 /* Frameworks */,
				97634F67275E625B00F9D382 /* Resources */,
			);
			buildRules = (
			);
			dependencies = (
			);
			name = GrowthTrack;
			productName = GrowthTrack;
			productReference = 97634F69275E625B00F9D382 /* GrowthTrack.app */;
			productType = "com.apple.product-type.application";
		};
/* End PBXNativeTarget section */

/* Begin PBXProject section */
		97634F61275E625B00F9D382 /* Project object */ = {
			isa = PBXProject;
			attributes = {
				BuildIndependentTargetsInParallel = 1;
				LastSwiftUpdateCheck = 1310;
				LastUpgradeCheck = 1310;
				TargetAttributes = {
					97634F68275E625B00F9D382 = {
						CreatedOnToolsVersion = 13.1;
					};
				};
			};
			buildConfigurationList = 97634F64275E625B00F9D382 /* Build configuration list for PBXProject "GrowthTrack" */;
			compatibilityVersion = "Xcode 13.0";
			developmentRegion = en;
			hasScannedForEncodings = 0;
			knownRegions = (
				en,
				Base,
			);
			mainGroup = 97634F60275E625B00F9D382;
			productRefGroup = 97634F6A275E625B00F9D382 /* Products */;
			projectDirPath = "";
			projectRoot = "";
			targets = (
				97634F68275E625B00F9D382 /* GrowthTrack */,
			);
		};
/* End PBXProject section */

/* Begin PBXResourcesBuildPhase section */
		97634F67275E625B00F9D382 /* Resources */ = {
			isa = PBXResourcesBuildPhase;
			buildActionMask = 2147483647;
			files = (
				978845B52784D06500A6C357 /* Localizable.strings in Resources */,
				97BED16227610B1500035929 /* Colors.xcassets in Resources */,
				97BED16A27613B1C00035929 /* Awards.json in Resources */,
				97634F74275E625B00F9D382 /* Preview Assets.xcassets in Resources */,
				97634F71275E625B00F9D382 /* Assets.xcassets in Resources */,
				975536902799D6C6000F9E59 /* Localizable.stringsdict in Resources */,
			);
			runOnlyForDeploymentPostprocessing = 0;
		};
/* End PBXResourcesBuildPhase section */

/* Begin PBXSourcesBuildPhase section */
		97634F65275E625B00F9D382 /* Sources */ = {
			isa = PBXSourcesBuildPhase;
			buildActionMask = 2147483647;
			files = (
				97BED154275FB43700035929 /* ProjectsView.swift in Sources */,
				9777A02C2784BA2F003B1739 /* Color-Additions.swift in Sources */,
				97BED1602761072C00035929 /* ProjectHeaderView.swift in Sources */,
				97BED16827613B0000035929 /* Bundle-Decodable.swift in Sources */,
				97634F7C275E65F800F9D382 /* Main.xcdatamodeld in Sources */,
				97553692279B0A1F000F9E59 /* ItemListView.swift in Sources */,
				97BED166276138FD00035929 /* SelectSomethingView.swift in Sources */,
				97BED16C276163EB00035929 /* Award.swift in Sources */,
				97BED16E276164E700035929 /* AwardsView.swift in Sources */,
				97634F7E275E67F600F9D382 /* DataController.swift in Sources */,
				97BED16427610C6000035929 /* EditProjectView.swift in Sources */,
				97553694279B0B10000F9E59 /* ProjectSummaryView.swift in Sources */,
				97634F6F275E625B00F9D382 /* ContentView.swift in Sources */,
				97BED15C2760138A00035929 /* ItemRowView.swift in Sources */,
				97BED152275FB1FD00035929 /* HomeView.swift in Sources */,
				97BED15E2760FFDD00035929 /* Binding-OnChange.swift in Sources */,
				97634F6D275E625B00F9D382 /* GrowthTrackApp.swift in Sources */,
				97BED158275FDACD00035929 /* Project-CoreDateHelpers.swift in Sources */,
				97BED156275FD87100035929 /* Item-CoreDataHelpers.swift in Sources */,
				97BED15A27600D5F00035929 /* EditItemView.swift in Sources */,
			);
			runOnlyForDeploymentPostprocessing = 0;
		};
/* End PBXSourcesBuildPhase section */

/* Begin XCBuildConfiguration section */
		97634F75275E625B00F9D382 /* Debug */ = {
			isa = XCBuildConfiguration;
			buildSettings = {
				ALWAYS_SEARCH_USER_PATHS = NO;
				CLANG_ANALYZER_NONNULL = YES;
				CLANG_ANALYZER_NUMBER_OBJECT_CONVERSION = YES_AGGRESSIVE;
				CLANG_CXX_LANGUAGE_STANDARD = "gnu++17";
				CLANG_CXX_LIBRARY = "libc++";
				CLANG_ENABLE_MODULES = YES;
				CLANG_ENABLE_OBJC_ARC = YES;
				CLANG_ENABLE_OBJC_WEAK = YES;
				CLANG_WARN_BLOCK_CAPTURE_AUTORELEASING = YES;
				CLANG_WARN_BOOL_CONVERSION = YES;
				CLANG_WARN_COMMA = YES;
				CLANG_WARN_CONSTANT_CONVERSION = YES;
				CLANG_WARN_DEPRECATED_OBJC_IMPLEMENTATIONS = YES;
				CLANG_WARN_DIRECT_OBJC_ISA_USAGE = YES_ERROR;
				CLANG_WARN_DOCUMENTATION_COMMENTS = YES;
				CLANG_WARN_EMPTY_BODY = YES;
				CLANG_WARN_ENUM_CONVERSION = YES;
				CLANG_WARN_INFINITE_RECURSION = YES;
				CLANG_WARN_INT_CONVERSION = YES;
				CLANG_WARN_NON_LITERAL_NULL_CONVERSION = YES;
				CLANG_WARN_OBJC_IMPLICIT_RETAIN_SELF = YES;
				CLANG_WARN_OBJC_LITERAL_CONVERSION = YES;
				CLANG_WARN_OBJC_ROOT_CLASS = YES_ERROR;
				CLANG_WARN_QUOTED_INCLUDE_IN_FRAMEWORK_HEADER = YES;
				CLANG_WARN_RANGE_LOOP_ANALYSIS = YES;
				CLANG_WARN_STRICT_PROTOTYPES = YES;
				CLANG_WARN_SUSPICIOUS_MOVE = YES;
				CLANG_WARN_UNGUARDED_AVAILABILITY = YES_AGGRESSIVE;
				CLANG_WARN_UNREACHABLE_CODE = YES;
				CLANG_WARN__DUPLICATE_METHOD_MATCH = YES;
				COPY_PHASE_STRIP = NO;
				DEBUG_INFORMATION_FORMAT = dwarf;
				ENABLE_STRICT_OBJC_MSGSEND = YES;
				ENABLE_TESTABILITY = YES;
				GCC_C_LANGUAGE_STANDARD = gnu11;
				GCC_DYNAMIC_NO_PIC = NO;
				GCC_NO_COMMON_BLOCKS = YES;
				GCC_OPTIMIZATION_LEVEL = 0;
				GCC_PREPROCESSOR_DEFINITIONS = (
					"DEBUG=1",
					"$(inherited)",
				);
				GCC_WARN_64_TO_32_BIT_CONVERSION = YES;
				GCC_WARN_ABOUT_RETURN_TYPE = YES_ERROR;
				GCC_WARN_UNDECLARED_SELECTOR = YES;
				GCC_WARN_UNINITIALIZED_AUTOS = YES_AGGRESSIVE;
				GCC_WARN_UNUSED_FUNCTION = YES;
				GCC_WARN_UNUSED_VARIABLE = YES;
				IPHONEOS_DEPLOYMENT_TARGET = 15.0;
				MTL_ENABLE_DEBUG_INFO = INCLUDE_SOURCE;
				MTL_FAST_MATH = YES;
				ONLY_ACTIVE_ARCH = YES;
				SDKROOT = iphoneos;
				SWIFT_ACTIVE_COMPILATION_CONDITIONS = DEBUG;
				SWIFT_OPTIMIZATION_LEVEL = "-Onone";
			};
			name = Debug;
		};
		97634F76275E625B00F9D382 /* Release */ = {
			isa = XCBuildConfiguration;
			buildSettings = {
				ALWAYS_SEARCH_USER_PATHS = NO;
				CLANG_ANALYZER_NONNULL = YES;
				CLANG_ANALYZER_NUMBER_OBJECT_CONVERSION = YES_AGGRESSIVE;
				CLANG_CXX_LANGUAGE_STANDARD = "gnu++17";
				CLANG_CXX_LIBRARY = "libc++";
				CLANG_ENABLE_MODULES = YES;
				CLANG_ENABLE_OBJC_ARC = YES;
				CLANG_ENABLE_OBJC_WEAK = YES;
				CLANG_WARN_BLOCK_CAPTURE_AUTORELEASING = YES;
				CLANG_WARN_BOOL_CONVERSION = YES;
				CLANG_WARN_COMMA = YES;
				CLANG_WARN_CONSTANT_CONVERSION = YES;
				CLANG_WARN_DEPRECATED_OBJC_IMPLEMENTATIONS = YES;
				CLANG_WARN_DIRECT_OBJC_ISA_USAGE = YES_ERROR;
				CLANG_WARN_DOCUMENTATION_COMMENTS = YES;
				CLANG_WARN_EMPTY_BODY = YES;
				CLANG_WARN_ENUM_CONVERSION = YES;
				CLANG_WARN_INFINITE_RECURSION = YES;
				CLANG_WARN_INT_CONVERSION = YES;
				CLANG_WARN_NON_LITERAL_NULL_CONVERSION = YES;
				CLANG_WARN_OBJC_IMPLICIT_RETAIN_SELF = YES;
				CLANG_WARN_OBJC_LITERAL_CONVERSION = YES;
				CLANG_WARN_OBJC_ROOT_CLASS = YES_ERROR;
				CLANG_WARN_QUOTED_INCLUDE_IN_FRAMEWORK_HEADER = YES;
				CLANG_WARN_RANGE_LOOP_ANALYSIS = YES;
				CLANG_WARN_STRICT_PROTOTYPES = YES;
				CLANG_WARN_SUSPICIOUS_MOVE = YES;
				CLANG_WARN_UNGUARDED_AVAILABILITY = YES_AGGRESSIVE;
				CLANG_WARN_UNREACHABLE_CODE = YES;
				CLANG_WARN__DUPLICATE_METHOD_MATCH = YES;
				COPY_PHASE_STRIP = NO;
				DEBUG_INFORMATION_FORMAT = "dwarf-with-dsym";
				ENABLE_NS_ASSERTIONS = NO;
				ENABLE_STRICT_OBJC_MSGSEND = YES;
				GCC_C_LANGUAGE_STANDARD = gnu11;
				GCC_NO_COMMON_BLOCKS = YES;
				GCC_WARN_64_TO_32_BIT_CONVERSION = YES;
				GCC_WARN_ABOUT_RETURN_TYPE = YES_ERROR;
				GCC_WARN_UNDECLARED_SELECTOR = YES;
				GCC_WARN_UNINITIALIZED_AUTOS = YES_AGGRESSIVE;
				GCC_WARN_UNUSED_FUNCTION = YES;
				GCC_WARN_UNUSED_VARIABLE = YES;
				IPHONEOS_DEPLOYMENT_TARGET = 15.0;
				MTL_ENABLE_DEBUG_INFO = NO;
				MTL_FAST_MATH = YES;
				SDKROOT = iphoneos;
				SWIFT_COMPILATION_MODE = wholemodule;
				SWIFT_OPTIMIZATION_LEVEL = "-O";
				VALIDATE_PRODUCT = YES;
			};
			name = Release;
		};
		97634F78275E625B00F9D382 /* Debug */ = {
			isa = XCBuildConfiguration;
			buildSettings = {
				ASSETCATALOG_COMPILER_APPICON_NAME = AppIcon;
				ASSETCATALOG_COMPILER_GLOBAL_ACCENT_COLOR_NAME = AccentColor;
				CODE_SIGN_ENTITLEMENTS = GrowthTrack/GrowthTrack.entitlements;
				CODE_SIGN_STYLE = Automatic;
				CURRENT_PROJECT_VERSION = 1;
				DEVELOPMENT_ASSET_PATHS = "\"GrowthTrack/Preview Content\"";
				DEVELOPMENT_TEAM = 2P3NHST8R6;
				ENABLE_PREVIEWS = YES;
				GENERATE_INFOPLIST_FILE = YES;
				INFOPLIST_FILE = GrowthTrack/Info.plist;
				INFOPLIST_KEY_UIApplicationSceneManifest_Generation = YES;
				INFOPLIST_KEY_UIApplicationSupportsIndirectInputEvents = YES;
				INFOPLIST_KEY_UILaunchScreen_Generation = YES;
				INFOPLIST_KEY_UISupportedInterfaceOrientations_iPad = "UIInterfaceOrientationPortrait UIInterfaceOrientationPortraitUpsideDown UIInterfaceOrientationLandscapeLeft UIInterfaceOrientationLandscapeRight";
				INFOPLIST_KEY_UISupportedInterfaceOrientations_iPhone = "UIInterfaceOrientationPortrait UIInterfaceOrientationLandscapeLeft UIInterfaceOrientationLandscapeRight";
				LD_RUNPATH_SEARCH_PATHS = (
					"$(inherited)",
					"@executable_path/Frameworks",
				);
				MARKETING_VERSION = 1.0;
				PRODUCT_BUNDLE_IDENTIFIER = com.haydendavidson.GrowthTrack;
				PRODUCT_NAME = "$(TARGET_NAME)";
				SWIFT_EMIT_LOC_STRINGS = YES;
				SWIFT_VERSION = 5.0;
				TARGETED_DEVICE_FAMILY = "1,2";
			};
			name = Debug;
		};
		97634F79275E625B00F9D382 /* Release */ = {
			isa = XCBuildConfiguration;
			buildSettings = {
				ASSETCATALOG_COMPILER_APPICON_NAME = AppIcon;
				ASSETCATALOG_COMPILER_GLOBAL_ACCENT_COLOR_NAME = AccentColor;
				CODE_SIGN_ENTITLEMENTS = GrowthTrack/GrowthTrack.entitlements;
				CODE_SIGN_STYLE = Automatic;
				CURRENT_PROJECT_VERSION = 1;
				DEVELOPMENT_ASSET_PATHS = "\"GrowthTrack/Preview Content\"";
				DEVELOPMENT_TEAM = 2P3NHST8R6;
				ENABLE_PREVIEWS = YES;
				GENERATE_INFOPLIST_FILE = YES;
				INFOPLIST_FILE = GrowthTrack/Info.plist;
				INFOPLIST_KEY_UIApplicationSceneManifest_Generation = YES;
				INFOPLIST_KEY_UIApplicationSupportsIndirectInputEvents = YES;
				INFOPLIST_KEY_UILaunchScreen_Generation = YES;
				INFOPLIST_KEY_UISupportedInterfaceOrientations_iPad = "UIInterfaceOrientationPortrait UIInterfaceOrientationPortraitUpsideDown UIInterfaceOrientationLandscapeLeft UIInterfaceOrientationLandscapeRight";
				INFOPLIST_KEY_UISupportedInterfaceOrientations_iPhone = "UIInterfaceOrientationPortrait UIInterfaceOrientationLandscapeLeft UIInterfaceOrientationLandscapeRight";
				LD_RUNPATH_SEARCH_PATHS = (
					"$(inherited)",
					"@executable_path/Frameworks",
				);
				MARKETING_VERSION = 1.0;
				PRODUCT_BUNDLE_IDENTIFIER = com.haydendavidson.GrowthTrack;
				PRODUCT_NAME = "$(TARGET_NAME)";
				SWIFT_EMIT_LOC_STRINGS = YES;
				SWIFT_VERSION = 5.0;
				TARGETED_DEVICE_FAMILY = "1,2";
			};
			name = Release;
		};
/* End XCBuildConfiguration section */

/* Begin XCConfigurationList section */
		97634F64275E625B00F9D382 /* Build configuration list for PBXProject "GrowthTrack" */ = {
			isa = XCConfigurationList;
			buildConfigurations = (
				97634F75275E625B00F9D382 /* Debug */,
				97634F76275E625B00F9D382 /* Release */,
			);
			defaultConfigurationIsVisible = 0;
			defaultConfigurationName = Release;
		};
		97634F77275E625B00F9D382 /* Build configuration list for PBXNativeTarget "GrowthTrack" */ = {
			isa = XCConfigurationList;
			buildConfigurations = (
				97634F78275E625B00F9D382 /* Debug */,
				97634F79275E625B00F9D382 /* Release */,
			);
			defaultConfigurationIsVisible = 0;
			defaultConfigurationName = Release;
		};
/* End XCConfigurationList section */

/* Begin XCVersionGroup section */
		97634F7A275E65F800F9D382 /* Main.xcdatamodeld */ = {
			isa = XCVersionGroup;
			children = (
				97634F7B275E65F800F9D382 /* Main.xcdatamodel */,
			);
			currentVersion = 97634F7B275E65F800F9D382 /* Main.xcdatamodel */;
			path = Main.xcdatamodeld;
			sourceTree = "<group>";
			versionGroupType = wrapper.xcdatamodel;
		};
/* End XCVersionGroup section */
	};
	rootObject = 97634F61275E625B00F9D382 /* Project object */;
}
